// !$*UTF8*$!
{
	archiveVersion = 1;
	classes = {
	};
	objectVersion = 77;
	objects = {

/* Begin PBXBuildFile section */
		C7753F222F8DC5EC007B4749 /* FirebaseCore in Frameworks */ = {isa = PBXBuildFile; productRef = C7753F212F8DC5EC007B4749 /* FirebaseCore */; };
		C7753F242F8DC5EC007B4749 /* FirebaseFirestore in Frameworks */ = {isa = PBXBuildFile; productRef = C7753F232F8DC5EC007B4749 /* FirebaseFirestore */; };
/* End PBXBuildFile section */

/* Begin PBXContainerItemProxy section */
		C7798B052F58AF5E0076110A /* PBXContainerItemProxy */ = {
			isa = PBXContainerItemProxy;
			containerPortal = C7798AEC2F58AF590076110A /* Project object */;
			proxyType = 1;
			remoteGlobalIDString = C7798AF32F58AF590076110A;
			remoteInfo = SafePing;
		};
		C7798B0F2F58AF5F0076110A /* PBXContainerItemProxy */ = {
			isa = PBXContainerItemProxy;
			containerPortal = C7798AEC2F58AF590076110A /* Project object */;
			proxyType = 1;
			remoteGlobalIDString = C7798AF32F58AF590076110A;
			remoteInfo = SafePing;
		};
/* End PBXContainerItemProxy section */

/* Begin PBXFileReference section */
		C7798AF42F58AF5A0076110A /* SafePing.app */ = {isa = PBXFileReference; explicitFileType = wrapper.application; includeInIndex = 0; path = SafePing.app; sourceTree = BUILT_PRODUCTS_DIR; };
		C7798B042F58AF5E0076110A /* SafePingTests.xctest */ = {isa = PBXFileReference; explicitFileType = wrapper.cfbundle; includeInIndex = 0; path = SafePingTests.xctest; sourceTree = BUILT_PRODUCTS_DIR; };
		C7798B0E2F58AF5F0076110A /* SafePingUITests.xctest */ = {isa = PBXFileReference; explicitFileType = wrapper.cfbundle; includeInIndex = 0; path = SafePingUITests.xctest; sourceTree = BUILT_PRODUCTS_DIR; };
/* End PBXFileReference section */

/* Begin PBXFileSystemSynchronizedRootGroup section */
		C7798AF62F58AF5A0076110A /* SafePing */ = {
			isa = PBXFileSystemSynchronizedRootGroup;
			path = SafePing;
			sourceTree = "<group>";
		};
		C7798B072F58AF5E0076110A /* SafePingTests */ = {
			isa = PBXFileSystemSynchronizedRootGroup;
			path = SafePingTests;
			sourceTree = "<group>";
		};
		C7798B112F58AF5F0076110A /* SafePingUITests */ = {
			isa = PBXFileSystemSynchronizedRootGroup;
			path = SafePingUITests;
			sourceTree = "<group>";
		};
/* End PBXFileSystemSynchronizedRootGroup section */

/* Begin PBXFrameworksBuildPhase section */
		C7798AF12F58AF590076110A /* Frameworks */ = {
			isa = PBXFrameworksBuildPhase;
			buildActionMask = 2147483647;
			files = (
				C7753F222F8DC5EC007B4749 /* FirebaseCore in Frameworks */,
				C7753F242F8DC5EC007B4749 /* FirebaseFirestore in Frameworks */,
			);
			runOnlyForDeploymentPostprocessing = 0;
		};
		C7798B012F58AF5E0076110A /* Frameworks */ = {
			isa = PBXFrameworksBuildPhase;
			buildActionMask = 2147483647;
			files = (
			);
			runOnlyForDeploymentPostprocessing = 0;
		};
		C7798B0B2F58AF5F0076110A /* Frameworks */ = {
			isa = PBXFrameworksBuildPhase;
			buildActionMask = 2147483647;
			files = (
			);
			runOnlyForDeploymentPostprocessing = 0;
		};
/* End PBXFrameworksBuildPhase section */

/* Begin PBXGroup section */
		C7798AEB2F58AF590076110A = {
			isa = PBXGroup;
			children = (
				C7798AF62F58AF5A0076110A /* SafePing */,
				C7798B072F58AF5E0076110A /* SafePingTests */,
				C7798B112F58AF5F0076110A /* SafePingUITests */,
				C7798AF52F58AF5A0076110A /* Products */,
			);
			sourceTree = "<group>";
		};
		C7798AF52F58AF5A0076110A /* Products */ = {
			isa = PBXGroup;
			children = (
				C7798AF42F58AF5A0076110A /* SafePing.app */,
				C7798B042F58AF5E0076110A /* SafePingTests.xctest */,
				C7798B0E2F58AF5F0076110A /* SafePingUITests.xctest */,
			);
			name = Products;
			sourceTree = "<group>";
		};
/* End PBXGroup section */

/* Begin PBXNativeTarget section */
		C7798AF32F58AF590076110A /* SafePing */ = {
			isa = PBXNativeTarget;
			buildConfigurationList = C7798B182F58AF5F0076110A /* Build configuration list for PBXNativeTarget "SafePing" */;
			buildPhases = (
				C7798AF02F58AF590076110A /* Sources */,
				C7798AF12F58AF590076110A /* Frameworks */,
				C7798AF22F58AF590076110A /* Resources */,
			);
			buildRules = (
			);
			dependencies = (
			);
			fileSystemSynchronizedGroups = (
				C7798AF62F58AF5A0076110A /* SafePing */,
			);
			name = SafePing;
			packageProductDependencies = (
				C7753F212F8DC5EC007B4749 /* FirebaseCore */,
				C7753F232F8DC5EC007B4749 /* FirebaseFirestore */,
			);
			productName = SafePing;
			productReference = C7798AF42F58AF5A0076110A /* SafePing.app */;
			productType = "com.apple.product-type.application";
		};
		C7798B032F58AF5E0076110A /* SafePingTests */ = {
			isa = PBXNativeTarget;
			buildConfigurationList = C7798B1B2F58AF5F0076110A /* Build configuration list for PBXNativeTarget "SafePingTests" */;
			buildPhases = (
				C7798B002F58AF5E0076110A /* Sources */,
				C7798B012F58AF5E0076110A /* Frameworks */,
				C7798B022F58AF5E0076110A /* Resources */,
			);
			buildRules = (
			);
			dependencies = (
				C7798B062F58AF5E0076110A /* PBXTargetDependency */,
			);
			fileSystemSynchronizedGroups = (
				C7798B072F58AF5E0076110A /* SafePingTests */,
			);
			name = SafePingTests;
			packageProductDependencies = (
			);
			productName = SafePingTests;
			productReference = C7798B042F58AF5E0076110A /* SafePingTests.xctest */;
			productType = "com.apple.product-type.bundle.unit-test";
		};
		C7798B0D2F58AF5F0076110A /* SafePingUITests */ = {
			isa = PBXNativeTarget;
			buildConfigurationList = C7798B1E2F58AF5F0076110A /* Build configuration list for PBXNativeTarget "SafePingUITests" */;
			buildPhases = (
				C7798B0A2F58AF5F0076110A /* Sources */,
				C7798B0B2F58AF5F0076110A /* Frameworks */,
				C7798B0C2F58AF5F0076110A /* Resources */,
			);
			buildRules = (
			);
			dependencies = (
				C7798B102F58AF5F0076110A /* PBXTargetDependency */,
			);
			fileSystemSynchronizedGroups = (
				C7798B112F58AF5F0076110A /* SafePingUITests */,
			);
			name = SafePingUITests;
			packageProductDependencies = (
			);
			productName = SafePingUITests;
			productReference = C7798B0E2F58AF5F0076110A /* SafePingUITests.xctest */;
			productType = "com.apple.product-type.bundle.ui-testing";
		};
/* End PBXNativeTarget section */

/* Begin PBXProject section */
		C7798AEC2F58AF590076110A /* Project object */ = {
			isa = PBXProject;
			attributes = {
				BuildIndependentTargetsInParallel = 1;
				LastSwiftUpdateCheck = 1620;
				LastUpgradeCheck = 1620;
				TargetAttributes = {
					C7798AF32F58AF590076110A = {
						CreatedOnToolsVersion = 16.2;
					};
					C7798B032F58AF5E0076110A = {
						CreatedOnToolsVersion = 16.2;
						TestTargetID = C7798AF32F58AF590076110A;
					};
					C7798B0D2F58AF5F0076110A = {
						CreatedOnToolsVersion = 16.2;
						TestTargetID = C7798AF32F58AF590076110A;
					};
				};
			};
			buildConfigurationList = C7798AEF2F58AF590076110A /* Build configuration list for PBXProject "SafePing" */;
			developmentRegion = en;
			hasScannedForEncodings = 0;
			knownRegions = (
				en,
				Base,
			);
			mainGroup = C7798AEB2F58AF590076110A;
			minimizedProjectReferenceProxies = 1;
			packageReferences = (
				C7753F202F8DC5EC007B4749 /* XCRemoteSwiftPackageReference "firebase-ios-sdk" */,
			);
			preferredProjectObjectVersion = 77;
			productRefGroup = C7798AF52F58AF5A0076110A /* Products */;
			projectDirPath = "";
			projectRoot = "";
			targets = (
				C7798AF32F58AF590076110A /* SafePing */,
				C7798B032F58AF5E0076110A /* SafePingTests */,
				C7798B0D2F58AF5F0076110A /* SafePingUITests */,
			);
		};
/* End PBXProject section */

/* Begin PBXResourcesBuildPhase section */
		C7798AF22F58AF590076110A /* Resources */ = {
			isa = PBXResourcesBuildPhase;
			buildActionMask = 2147483647;
			files = (
			);
			runOnlyForDeploymentPostprocessing = 0;
		};
		C7798B022F58AF5E0076110A /* Resources */ = {
			isa = PBXResourcesBuildPhase;
			buildActionMask = 2147483647;
			files = (
			);
			runOnlyForDeploymentPostprocessing = 0;
		};
		C7798B0C2F58AF5F0076110A /* Resources */ = {
			isa = PBXResourcesBuildPhase;
			buildActionMask = 2147483647;
			files = (
			);
			runOnlyForDeploymentPostprocessing = 0;
		};
/* End PBXResourcesBuildPhase section */

/* Begin PBXSourcesBuildPhase section */
		C7798AF02F58AF590076110A /* Sources */ = {
			isa = PBXSourcesBuildPhase;
			buildActionMask = 2147483647;
			files = (
			);
			runOnlyForDeploymentPostprocessing = 0;
		};
		C7798B002F58AF5E0076110A /* Sources */ = {
			isa = PBXSourcesBuildPhase;
			buildActionMask = 2147483647;
			files = (
			);
			runOnlyForDeploymentPostprocessing = 0;
		};
		C7798B0A2F58AF5F0076110A /* Sources */ = {
			isa = PBXSourcesBuildPhase;
			buildActionMask = 2147483647;
			files = (
			);
			runOnlyForDeploymentPostprocessing = 0;
		};
/* End PBXSourcesBuildPhase section */

/* Begin PBXTargetDependency section */
		C7798B062F58AF5E0076110A /* PBXTargetDependency */ = {
			isa = PBXTargetDependency;
			target = C7798AF32F58AF590076110A /* SafePing */;
			targetProxy = C7798B052F58AF5E0076110A /* PBXContainerItemProxy */;
		};
		C7798B102F58AF5F0076110A /* PBXTargetDependency */ = {
			isa = PBXTargetDependency;
			target = C7798AF32F58AF590076110A /* SafePing */;
			targetProxy = C7798B0F2F58AF5F0076110A /* PBXContainerItemProxy */;
		};
/* End PBXTargetDependency section */

/* Begin XCBuildConfiguration section */
		C7798B162F58AF5F0076110A /* Debug */ = {
			isa = XCBuildConfiguration;
			buildSettings = {
				ALWAYS_SEARCH_USER_PATHS = NO;
				ASSETCATALOG_COMPILER_GENERATE_SWIFT_ASSET_SYMBOL_EXTENSIONS = YES;
				CLANG_ANALYZER_NONNULL = YES;
				CLANG_ANALYZER_NUMBER_OBJECT_CONVERSION = YES_AGGRESSIVE;
				CLANG_CXX_LANGUAGE_STANDARD = "gnu++20";
				CLANG_ENABLE_MODULES = YES;
				CLANG_ENABLE_OBJC_ARC = YES;
				CLANG_ENABLE_OBJC_WEAK = YES;
				CLANG_WARN_BLOCK_CAPTURE_AUTORELEASING = YES;
				CLANG_WARN_BOOL_CONVERSION = YES;
				CLANG_WARN_COMMA = YES;
				CLANG_WARN_CONSTANT_CONVERSION = YES;
				CLANG_WARN_DEPRECATED_OBJC_IMPLEMENTATIONS = YES;
				CLANG_WARN_DIRECT_OBJC_ISA_USAGE = YES_ERROR;
				CLANG_WARN_DOCUMENTATION_COMMENTS = YES;
				CLANG_WARN_EMPTY_BODY = YES;
				CLANG_WARN_ENUM_CONVERSION = YES;
				CLANG_WARN_INFINITE_RECURSION = YES;
				CLANG_WARN_INT_CONVERSION = YES;
				CLANG_WARN_NON_LITERAL_NULL_CONVERSION = YES;
				CLANG_WARN_OBJC_IMPLICIT_RETAIN_SELF = YES;
				CLANG_WARN_OBJC_LITERAL_CONVERSION = YES;
				CLANG_WARN_OBJC_ROOT_CLASS = YES_ERROR;
				CLANG_WARN_QUOTED_INCLUDE_IN_FRAMEWORK_HEADER = YES;
				CLANG_WARN_RANGE_LOOP_ANALYSIS = YES;
				CLANG_WARN_STRICT_PROTOTYPES = YES;
				CLANG_WARN_SUSPICIOUS_MOVE = YES;
				CLANG_WARN_UNGUARDED_AVAILABILITY = YES_AGGRESSIVE;
				CLANG_WARN_UNREACHABLE_CODE = YES;
				CLANG_WARN__DUPLICATE_METHOD_MATCH = YES;
				COPY_PHASE_STRIP = NO;
				DEBUG_INFORMATION_FORMAT = dwarf;
				ENABLE_STRICT_OBJC_MSGSEND = YES;
				ENABLE_TESTABILITY = YES;
				ENABLE_USER_SCRIPT_SANDBOXING = YES;
				GCC_C_LANGUAGE_STANDARD = gnu17;
				GCC_DYNAMIC_NO_PIC = NO;
				GCC_NO_COMMON_BLOCKS = YES;
				GCC_OPTIMIZATION_LEVEL = 0;
				GCC_PREPROCESSOR_DEFINITIONS = (
					"DEBUG=1",
					"$(inherited)",
				);
				GCC_WARN_64_TO_32_BIT_CONVERSION = YES;
				GCC_WARN_ABOUT_RETURN_TYPE = YES_ERROR;
				GCC_WARN_UNDECLARED_SELECTOR = YES;
				GCC_WARN_UNINITIALIZED_AUTOS = YES_AGGRESSIVE;
				GCC_WARN_UNUSED_FUNCTION = YES;
				GCC_WARN_UNUSED_VARIABLE = YES;
				IPHONEOS_DEPLOYMENT_TARGET = 18.2;
				LOCALIZATION_PREFERS_STRING_CATALOGS = YES;
				MTL_ENABLE_DEBUG_INFO = INCLUDE_SOURCE;
				MTL_FAST_MATH = YES;
				ONLY_ACTIVE_ARCH = YES;
				SDKROOT = iphoneos;
				SWIFT_ACTIVE_COMPILATION_CONDITIONS = "DEBUG $(inherited)";
				SWIFT_OPTIMIZATION_LEVEL = "-Onone";
			};
			name = Debug;
		};
		C7798B172F58AF5F0076110A /* Release */ = {
			isa = XCBuildConfiguration;
			buildSettings = {
				ALWAYS_SEARCH_USER_PATHS = NO;
				ASSETCATALOG_COMPILER_GENERATE_SWIFT_ASSET_SYMBOL_EXTENSIONS = YES;
				CLANG_ANALYZER_NONNULL = YES;
				CLANG_ANALYZER_NUMBER_OBJECT_CONVERSION = YES_AGGRESSIVE;
				CLANG_CXX_LANGUAGE_STANDARD = "gnu++20";
				CLANG_ENABLE_MODULES = YES;
				CLANG_ENABLE_OBJC_ARC = YES;
				CLANG_ENABLE_OBJC_WEAK = YES;
				CLANG_WARN_BLOCK_CAPTURE_AUTORELEASING = YES;
				CLANG_WARN_BOOL_CONVERSION = YES;
				CLANG_WARN_COMMA = YES;
				CLANG_WARN_CONSTANT_CONVERSION = YES;
				CLANG_WARN_DEPRECATED_OBJC_IMPLEMENTATIONS = YES;
				CLANG_WARN_DIRECT_OBJC_ISA_USAGE = YES_ERROR;
				CLANG_WARN_DOCUMENTATION_COMMENTS = YES;
				CLANG_WARN_EMPTY_BODY = YES;
				CLANG_WARN_ENUM_CONVERSION = YES;
				CLANG_WARN_INFINITE_RECURSION = YES;
				CLANG_WARN_INT_CONVERSION = YES;
				CLANG_WARN_NON_LITERAL_NULL_CONVERSION = YES;
				CLANG_WARN_OBJC_IMPLICIT_RETAIN_SELF = YES;
				CLANG_WARN_OBJC_LITERAL_CONVERSION = YES;
				CLANG_WARN_OBJC_ROOT_CLASS = YES_ERROR;
				CLANG_WARN_QUOTED_INCLUDE_IN_FRAMEWORK_HEADER = YES;
				CLANG_WARN_RANGE_LOOP_ANALYSIS = YES;
				CLANG_WARN_STRICT_PROTOTYPES = YES;
				CLANG_WARN_SUSPICIOUS_MOVE = YES;
				CLANG_WARN_UNGUARDED_AVAILABILITY = YES_AGGRESSIVE;
				CLANG_WARN_UNREACHABLE_CODE = YES;
				CLANG_WARN__DUPLICATE_METHOD_MATCH = YES;
				COPY_PHASE_STRIP = NO;
				DEBUG_INFORMATION_FORMAT = "dwarf-with-dsym";
				ENABLE_NS_ASSERTIONS = NO;
				ENABLE_STRICT_OBJC_MSGSEND = YES;
				ENABLE_USER_SCRIPT_SANDBOXING = YES;
				GCC_C_LANGUAGE_STANDARD = gnu17;
				GCC_NO_COMMON_BLOCKS = YES;
				GCC_WARN_64_TO_32_BIT_CONVERSION = YES;
				GCC_WARN_ABOUT_RETURN_TYPE = YES_ERROR;
				GCC_WARN_UNDECLARED_SELECTOR = YES;
				GCC_WARN_UNINITIALIZED_AUTOS = YES_AGGRESSIVE;
				GCC_WARN_UNUSED_FUNCTION = YES;
				GCC_WARN_UNUSED_VARIABLE = YES;
				IPHONEOS_DEPLOYMENT_TARGET = 18.2;
				LOCALIZATION_PREFERS_STRING_CATALOGS = YES;
				MTL_ENABLE_DEBUG_INFO = NO;
				MTL_FAST_MATH = YES;
				SDKROOT = iphoneos;
				SWIFT_COMPILATION_MODE = wholemodule;
				VALIDATE_PRODUCT = YES;
			};
			name = Release;
		};
		C7798B192F58AF5F0076110A /* Debug */ = {
			isa = XCBuildConfiguration;
			buildSettings = {
				ASSETCATALOG_COMPILER_APPICON_NAME = AppIcon;
				ASSETCATALOG_COMPILER_GLOBAL_ACCENT_COLOR_NAME = AccentColor;
				CODE_SIGN_STYLE = Automatic;
				CURRENT_PROJECT_VERSION = 1;
				DEVELOPMENT_ASSET_PATHS = "\"SafePing/Preview Content\"";
				DEVELOPMENT_TEAM = 7QXP9SKRG7;
				ENABLE_PREVIEWS = YES;
				GENERATE_INFOPLIST_FILE = YES;
				INFOPLIST_KEY_NSLocationWhenInUseUsageDescription = "SafePing attaches your location to check-ins so your checker knows you're safe.";
				INFOPLIST_KEY_UIApplicationSceneManifest_Generation = YES;
				INFOPLIST_KEY_UIApplicationSupportsIndirectInputEvents = YES;
				INFOPLIST_KEY_UILaunchScreen_Generation = YES;
				INFOPLIST_KEY_UISupportedInterfaceOrientations_iPad = "UIInterfaceOrientationPortrait UIInterfaceOrientationPortraitUpsideDown UIInterfaceOrientationLandscapeLeft UIInterfaceOrientationLandscapeRight";
				INFOPLIST_KEY_UISupportedInterfaceOrientations_iPhone = "UIInterfaceOrientationPortrait UIInterfaceOrientationLandscapeLeft UIInterfaceOrientationLandscapeRight";
				LD_RUNPATH_SEARCH_PATHS = (
					"$(inherited)",
					"@executable_path/Frameworks",
				);
				MARKETING_VERSION = 1.0;
				PRODUCT_BUNDLE_IDENTIFIER = MobileSoftware.SafePing;
				PRODUCT_NAME = "$(TARGET_NAME)";
				SWIFT_EMIT_LOC_STRINGS = YES;
				SWIFT_VERSION = 5.0;
				TARGETED_DEVICE_FAMILY = "1,2";
			};
			name = Debug;
		};
		C7798B1A2F58AF5F0076110A /* Release */ = {
			isa = XCBuildConfiguration;
			buildSettings = {
				ASSETCATALOG_COMPILER_APPICON_NAME = AppIcon;
				ASSETCATALOG_COMPILER_GLOBAL_ACCENT_COLOR_NAME = AccentColor;
				CODE_SIGN_STYLE = Automatic;
				CURRENT_PROJECT_VERSION = 1;
				DEVELOPMENT_ASSET_PATHS = "\"SafePing/Preview Content\"";
				DEVELOPMENT_TEAM = 7QXP9SKRG7;
				ENABLE_PREVIEWS = YES;
				GENERATE_INFOPLIST_FILE = YES;
				INFOPLIST_KEY_NSLocationWhenInUseUsageDescription = "SafePing attaches your location to check-ins so your checker knows you're safe.";
				INFOPLIST_KEY_UIApplicationSceneManifest_Generation = YES;
				INFOPLIST_KEY_UIApplicationSupportsIndirectInputEvents = YES;
				INFOPLIST_KEY_UILaunchScreen_Generation = YES;
				INFOPLIST_KEY_UISupportedInterfaceOrientations_iPad = "UIInterfaceOrientationPortrait UIInterfaceOrientationPortraitUpsideDown UIInterfaceOrientationLandscapeLeft UIInterfaceOrientationLandscapeRight";
				INFOPLIST_KEY_UISupportedInterfaceOrientations_iPhone = "UIInterfaceOrientationPortrait UIInterfaceOrientationLandscapeLeft UIInterfaceOrientationLandscapeRight";
				LD_RUNPATH_SEARCH_PATHS = (
					"$(inherited)",
					"@executable_path/Frameworks",
				);
				MARKETING_VERSION = 1.0;
				PRODUCT_BUNDLE_IDENTIFIER = MobileSoftware.SafePing;
				PRODUCT_NAME = "$(TARGET_NAME)";
				SWIFT_EMIT_LOC_STRINGS = YES;
				SWIFT_VERSION = 5.0;
				TARGETED_DEVICE_FAMILY = "1,2";
			};
			name = Release;
		};
		C7798B1C2F58AF5F0076110A /* Debug */ = {
			isa = XCBuildConfiguration;
			buildSettings = {
				BUNDLE_LOADER = "$(TEST_HOST)";
				CODE_SIGN_STYLE = Automatic;
				CURRENT_PROJECT_VERSION = 1;
				GENERATE_INFOPLIST_FILE = YES;
				IPHONEOS_DEPLOYMENT_TARGET = 18.2;
				MARKETING_VERSION = 1.0;
				PRODUCT_BUNDLE_IDENTIFIER = MobileSoftware.SafePingTests;
				PRODUCT_NAME = "$(TARGET_NAME)";
				SWIFT_EMIT_LOC_STRINGS = NO;
				SWIFT_VERSION = 5.0;
				TARGETED_DEVICE_FAMILY = "1,2";
				TEST_HOST = "$(BUILT_PRODUCTS_DIR)/SafePing.app/$(BUNDLE_EXECUTABLE_FOLDER_PATH)/SafePing";
			};
			name = Debug;
		};
		C7798B1D2F58AF5F0076110A /* Release */ = {
			isa = XCBuildConfiguration;
			buildSettings = {
				BUNDLE_LOADER = "$(TEST_HOST)";
				CODE_SIGN_STYLE = Automatic;
				CURRENT_PROJECT_VERSION = 1;
				GENERATE_INFOPLIST_FILE = YES;
				IPHONEOS_DEPLOYMENT_TARGET = 18.2;
				MARKETING_VERSION = 1.0;
				PRODUCT_BUNDLE_IDENTIFIER = MobileSoftware.SafePingTests;
				PRODUCT_NAME = "$(TARGET_NAME)";
				SWIFT_EMIT_LOC_STRINGS = NO;
				SWIFT_VERSION = 5.0;
				TARGETED_DEVICE_FAMILY = "1,2";
				TEST_HOST = "$(BUILT_PRODUCTS_DIR)/SafePing.app/$(BUNDLE_EXECUTABLE_FOLDER_PATH)/SafePing";
			};
			name = Release;
		};
		C7798B1F2F58AF5F0076110A /* Debug */ = {
			isa = XCBuildConfiguration;
			buildSettings = {
				CODE_SIGN_STYLE = Automatic;
				CURRENT_PROJECT_VERSION = 1;
				GENERATE_INFOPLIST_FILE = YES;
				MARKETING_VERSION = 1.0;
				PRODUCT_BUNDLE_IDENTIFIER = MobileSoftware.SafePingUITests;
				PRODUCT_NAME = "$(TARGET_NAME)";
				SWIFT_EMIT_LOC_STRINGS = NO;
				SWIFT_VERSION = 5.0;
				TARGETED_DEVICE_FAMILY = "1,2";
				TEST_TARGET_NAME = SafePing;
			};
			name = Debug;
		};
		C7798B202F58AF5F0076110A /* Release */ = {
			isa = XCBuildConfiguration;
			buildSettings = {
				CODE_SIGN_STYLE = Automatic;
				CURRENT_PROJECT_VERSION = 1;
				GENERATE_INFOPLIST_FILE = YES;
				MARKETING_VERSION = 1.0;
				PRODUCT_BUNDLE_IDENTIFIER = MobileSoftware.SafePingUITests;
				PRODUCT_NAME = "$(TARGET_NAME)";
				SWIFT_EMIT_LOC_STRINGS = NO;
				SWIFT_VERSION = 5.0;
				TARGETED_DEVICE_FAMILY = "1,2";
				TEST_TARGET_NAME = SafePing;
			};
			name = Release;
		};
/* End XCBuildConfiguration section */

/* Begin XCConfigurationList section */
		C7798AEF2F58AF590076110A /* Build configuration list for PBXProject "SafePing" */ = {
			isa = XCConfigurationList;
			buildConfigurations = (
				C7798B162F58AF5F0076110A /* Debug */,
				C7798B172F58AF5F0076110A /* Release */,
			);
			defaultConfigurationIsVisible = 0;
			defaultConfigurationName = Release;
		};
		C7798B182F58AF5F0076110A /* Build configuration list for PBXNativeTarget "SafePing" */ = {
			isa = XCConfigurationList;
			buildConfigurations = (
				C7798B192F58AF5F0076110A /* Debug */,
				C7798B1A2F58AF5F0076110A /* Release */,
			);
			defaultConfigurationIsVisible = 0;
			defaultConfigurationName = Release;
		};
		C7798B1B2F58AF5F0076110A /* Build configuration list for PBXNativeTarget "SafePingTests" */ = {
			isa = XCConfigurationList;
			buildConfigurations = (
				C7798B1C2F58AF5F0076110A /* Debug */,
				C7798B1D2F58AF5F0076110A /* Release */,
			);
			defaultConfigurationIsVisible = 0;
			defaultConfigurationName = Release;
		};
		C7798B1E2F58AF5F0076110A /* Build configuration list for PBXNativeTarget "SafePingUITests" */ = {
			isa = XCConfigurationList;
			buildConfigurations = (
				C7798B1F2F58AF5F0076110A /* Debug */,
				C7798B202F58AF5F0076110A /* Release */,
			);
			defaultConfigurationIsVisible = 0;
			defaultConfigurationName = Release;
		};
/* End XCConfigurationList section */

/* Begin XCRemoteSwiftPackageReference section */
		C7753F202F8DC5EC007B4749 /* XCRemoteSwiftPackageReference "firebase-ios-sdk" */ = {
			isa = XCRemoteSwiftPackageReference;
			repositoryURL = "https://github.com/firebase/firebase-ios-sdk";
			requirement = {
				kind = upToNextMajorVersion;
				minimumVersion = 12.12.0;
			};
		};
/* End XCRemoteSwiftPackageReference section */

/* Begin XCSwiftPackageProductDependency section */
		C7753F212F8DC5EC007B4749 /* FirebaseCore */ = {
			isa = XCSwiftPackageProductDependency;
			package = C7753F202F8DC5EC007B4749 /* XCRemoteSwiftPackageReference "firebase-ios-sdk" */;
			productName = FirebaseCore;
		};
		C7753F232F8DC5EC007B4749 /* FirebaseFirestore */ = {
			isa = XCSwiftPackageProductDependency;
			package = C7753F202F8DC5EC007B4749 /* XCRemoteSwiftPackageReference "firebase-ios-sdk" */;
			productName = FirebaseFirestore;
		};
/* End XCSwiftPackageProductDependency section */
	};
	rootObject = C7798AEC2F58AF590076110A /* Project object */;
}
